
Microsoft Visual Studio Solution File, Format Version 12.00
# Visual Studio Version 16
VisualStudioVersion = 16.0.30002.166
MinimumVisualStudioVersion = 10.0.40219.1
Project("{9A19103F-16F7-4668-BE54-9A1E7A4F7556}") = "IoT", "IoT\IoT.csproj", "{0AABED51-FCE2-4820-AD4D-3F7F5CD5A7D6}"
EndProject
Project("{9A19103F-16F7-4668-BE54-9A1E7A4F7556}") = "mqtt_mod", "mqtt_mod\mqtt_mod.csproj", "{49013B02-EA04-4C6D-B595-845B83BE6CB4}"
EndProject
Global
	GlobalSection(SolutionConfigurationPlatforms) = preSolution
		Debug|Any CPU = Debug|Any CPU
		Release|Any CPU = Release|Any CPU
	EndGlobalSection
	GlobalSection(ProjectConfigurationPlatforms) = postSolution
		{0AABED51-FCE2-4820-AD4D-3F7F5CD5A7D6}.Debug|Any CPU.ActiveCfg = Debug|Any CPU
		{0AABED51-FCE2-4820-AD4D-3F7F5CD5A7D6}.Debug|Any CPU.Build.0 = Debug|Any CPU
		{0AABED51-FCE2-4820-AD4D-3F7F5CD5A7D6}.Release|Any CPU.ActiveCfg = Release|Any CPU
		{0AABED51-FCE2-4820-AD4D-3F7F5CD5A7D6}.Release|Any CPU.Build.0 = Release|Any CPU
		{49013B02-EA04-4C6D-B595-845B83BE6CB4}.Debug|Any CPU.ActiveCfg = Debug|Any CPU
		{49013B02-EA04-4C6D-B595-845B83BE6CB4}.Debug|Any CPU.Build.0 = Debug|Any CPU
		{49013B02-EA04-4C6D-B595-845B83BE6CB4}.Release|Any CPU.ActiveCfg = Release|Any CPU
		{49013B02-EA04-4C6D-B595-845B83BE6CB4}.Release|Any CPU.Build.0 = Release|Any CPU
	EndGlobalSection
	GlobalSection(SolutionProperties) = preSolution
		HideSolutionNode = FALSE
	EndGlobalSection
	GlobalSection(ExtensibilityGlobals) = postSolution
		SolutionGuid = {9F9E916F-D948-4314-B406-589BF9623050}
	EndGlobalSection
EndGlobal
